
Microsoft Visual Studio Solution File, Format Version 12.00
# Visual Studio Version 16
VisualStudioVersion = 16.0.31005.135
MinimumVisualStudioVersion = 10.0.40219.1
Project("{2150E333-8FDC-42A3-9474-1A3956D46DE8}") = "app", "app", "{D07F959B-4062-4791-A20F-E69BAAD64E7C}"
EndProject
Project("{9A19103F-16F7-4668-BE54-9A1E7A4F7556}") = "BankTransactionalSystem.api", "app\BankTransactionalSystem.api\BankTransactionalSystem.api.csproj", "{36C9E5AC-CA87-4231-ABAD-AE85048C12EB}"
EndProject
Project("{2150E333-8FDC-42A3-9474-1A3956D46DE8}") = "src", "src", "{20B8FDF5-51BB-4B9A-92FC-D378848FF0DE}"
EndProject
Project("{9A19103F-16F7-4668-BE54-9A1E7A4F7556}") = "BankTransactionalSystem.Controllers", "src\BankTransactionalSystem.Controllers\BankTransactionalSystem.Controllers.csproj", "{73E5FB97-DC4D-48FA-94FB-03ACBF7C9229}"
EndProject
Project("{9A19103F-16F7-4668-BE54-9A1E7A4F7556}") = "BankTransactionalSystem.Implementation", "src\BankTransactionalSystem.Implementation\BankTransactionalSystem.Implementation.csproj", "{1722F59D-7F67-4D8E-A4D3-4739717397EF}"
EndProject
Project("{9A19103F-16F7-4668-BE54-9A1E7A4F7556}") = "BankTransactionalSystem.Interfaces", "src\BankTransactionalSystem.Interfaces\BankTransactionalSystem.Interfaces.csproj", "{576B4E0E-0369-4790-A780-91753F3E783A}"
EndProject
Project("{9A19103F-16F7-4668-BE54-9A1E7A4F7556}") = "BankTransactionalSystem.Types", "src\BankTransactionalSystem.Types\BankTransactionalSystem.Types.csproj", "{C9B486E8-DAF6-4AD1-BF65-A1937006C30A}"
EndProject
Project("{2150E333-8FDC-42A3-9474-1A3956D46DE8}") = "tests", "tests", "{A57F998E-5CC5-4B61-98C3-C71DE3673157}"
EndProject
Project("{9A19103F-16F7-4668-BE54-9A1E7A4F7556}") = "BankTransactionalSystem.Tests", "tests\BankTransactionalSystem.Tests\BankTransactionalSystem.Tests.csproj", "{3566A699-8185-42A4-8F31-E508D4AEC678}"
EndProject
Project("{2150E333-8FDC-42A3-9474-1A3956D46DE8}") = "solutionItems", "solutionItems", "{E37B2AD5-E74B-4A49-ACCB-8FBC213B697A}"
	ProjectSection(SolutionItems) = preProject
		solutionItems\BankTransactionalSystem.api.postman_collection v0.1 = solutionItems\BankTransactionalSystem.api.postman_collection v0.1
		README.md = README.md
	EndProjectSection
EndProject
Global
	GlobalSection(SolutionConfigurationPlatforms) = preSolution
		Debug|Any CPU = Debug|Any CPU
		Development|Any CPU = Development|Any CPU
		Release|Any CPU = Release|Any CPU
	EndGlobalSection
	GlobalSection(ProjectConfigurationPlatforms) = postSolution
		{36C9E5AC-CA87-4231-ABAD-AE85048C12EB}.Debug|Any CPU.ActiveCfg = Debug|Any CPU
		{36C9E5AC-CA87-4231-ABAD-AE85048C12EB}.Debug|Any CPU.Build.0 = Debug|Any CPU
		{36C9E5AC-CA87-4231-ABAD-AE85048C12EB}.Development|Any CPU.ActiveCfg = Development|Any CPU
		{36C9E5AC-CA87-4231-ABAD-AE85048C12EB}.Development|Any CPU.Build.0 = Development|Any CPU
		{36C9E5AC-CA87-4231-ABAD-AE85048C12EB}.Release|Any CPU.ActiveCfg = Release|Any CPU
		{36C9E5AC-CA87-4231-ABAD-AE85048C12EB}.Release|Any CPU.Build.0 = Release|Any CPU
		{73E5FB97-DC4D-48FA-94FB-03ACBF7C9229}.Debug|Any CPU.ActiveCfg = Debug|Any CPU
		{73E5FB97-DC4D-48FA-94FB-03ACBF7C9229}.Debug|Any CPU.Build.0 = Debug|Any CPU
		{73E5FB97-DC4D-48FA-94FB-03ACBF7C9229}.Development|Any CPU.ActiveCfg = Development|Any CPU
		{73E5FB97-DC4D-48FA-94FB-03ACBF7C9229}.Development|Any CPU.Build.0 = Development|Any CPU
		{73E5FB97-DC4D-48FA-94FB-03ACBF7C9229}.Release|Any CPU.ActiveCfg = Release|Any CPU
		{73E5FB97-DC4D-48FA-94FB-03ACBF7C9229}.Release|Any CPU.Build.0 = Release|Any CPU
		{1722F59D-7F67-4D8E-A4D3-4739717397EF}.Debug|Any CPU.ActiveCfg = Debug|Any CPU
		{1722F59D-7F67-4D8E-A4D3-4739717397EF}.Debug|Any CPU.Build.0 = Debug|Any CPU
		{1722F59D-7F67-4D8E-A4D3-4739717397EF}.Development|Any CPU.ActiveCfg = Development|Any CPU
		{1722F59D-7F67-4D8E-A4D3-4739717397EF}.Development|Any CPU.Build.0 = Development|Any CPU
		{1722F59D-7F67-4D8E-A4D3-4739717397EF}.Release|Any CPU.ActiveCfg = Release|Any CPU
		{1722F59D-7F67-4D8E-A4D3-4739717397EF}.Release|Any CPU.Build.0 = Release|Any CPU
		{576B4E0E-0369-4790-A780-91753F3E783A}.Debug|Any CPU.ActiveCfg = Debug|Any CPU
		{576B4E0E-0369-4790-A780-91753F3E783A}.Debug|Any CPU.Build.0 = Debug|Any CPU
		{576B4E0E-0369-4790-A780-91753F3E783A}.Development|Any CPU.ActiveCfg = Development|Any CPU
		{576B4E0E-0369-4790-A780-91753F3E783A}.Development|Any CPU.Build.0 = Development|Any CPU
		{576B4E0E-0369-4790-A780-91753F3E783A}.Release|Any CPU.ActiveCfg = Release|Any CPU
		{576B4E0E-0369-4790-A780-91753F3E783A}.Release|Any CPU.Build.0 = Release|Any CPU
		{C9B486E8-DAF6-4AD1-BF65-A1937006C30A}.Debug|Any CPU.ActiveCfg = Debug|Any CPU
		{C9B486E8-DAF6-4AD1-BF65-A1937006C30A}.Debug|Any CPU.Build.0 = Debug|Any CPU
		{C9B486E8-DAF6-4AD1-BF65-A1937006C30A}.Development|Any CPU.ActiveCfg = Development|Any CPU
		{C9B486E8-DAF6-4AD1-BF65-A1937006C30A}.Development|Any CPU.Build.0 = Development|Any CPU
		{C9B486E8-DAF6-4AD1-BF65-A1937006C30A}.Release|Any CPU.ActiveCfg = Release|Any CPU
		{C9B486E8-DAF6-4AD1-BF65-A1937006C30A}.Release|Any CPU.Build.0 = Release|Any CPU
		{3566A699-8185-42A4-8F31-E508D4AEC678}.Debug|Any CPU.ActiveCfg = Debug|Any CPU
		{3566A699-8185-42A4-8F31-E508D4AEC678}.Debug|Any CPU.Build.0 = Debug|Any CPU
		{3566A699-8185-42A4-8F31-E508D4AEC678}.Development|Any CPU.ActiveCfg = Development|Any CPU
		{3566A699-8185-42A4-8F31-E508D4AEC678}.Development|Any CPU.Build.0 = Development|Any CPU
		{3566A699-8185-42A4-8F31-E508D4AEC678}.Release|Any CPU.ActiveCfg = Release|Any CPU
		{3566A699-8185-42A4-8F31-E508D4AEC678}.Release|Any CPU.Build.0 = Release|Any CPU
	EndGlobalSection
	GlobalSection(SolutionProperties) = preSolution
		HideSolutionNode = FALSE
	EndGlobalSection
	GlobalSection(NestedProjects) = preSolution
		{36C9E5AC-CA87-4231-ABAD-AE85048C12EB} = {D07F959B-4062-4791-A20F-E69BAAD64E7C}
		{73E5FB97-DC4D-48FA-94FB-03ACBF7C9229} = {20B8FDF5-51BB-4B9A-92FC-D378848FF0DE}
		{1722F59D-7F67-4D8E-A4D3-4739717397EF} = {20B8FDF5-51BB-4B9A-92FC-D378848FF0DE}
		{576B4E0E-0369-4790-A780-91753F3E783A} = {20B8FDF5-51BB-4B9A-92FC-D378848FF0DE}
		{C9B486E8-DAF6-4AD1-BF65-A1937006C30A} = {20B8FDF5-51BB-4B9A-92FC-D378848FF0DE}
		{3566A699-8185-42A4-8F31-E508D4AEC678} = {A57F998E-5CC5-4B61-98C3-C71DE3673157}
	EndGlobalSection
	GlobalSection(ExtensibilityGlobals) = postSolution
		SolutionGuid = {6800E9CF-2D48-46A2-9AFF-175243CE1F15}
	EndGlobalSection
EndGlobal
